// !$*UTF8*$!
{
	archiveVersion = 1;
	classes = {
	};
	objectVersion = 77;
	objects = {

/* Begin PBXBuildFile section */
		031318A4ACAF1F9D78816887 /* AppState.swift in Sources */ = {isa = PBXBuildFile; fileRef = 4B00ACC85DA2A64512248CF5 /* AppState.swift */; };
		1349C582187301D655A8523B /* CommandStore.swift in Sources */ = {isa = PBXBuildFile; fileRef = AC40FD954EBB9D2B3FA9E5F9 /* CommandStore.swift */; };
		34DA15F252607D001CB2ABFF /* OpenAIRealtimeTranscriber.swift in Sources */ = {isa = PBXBuildFile; fileRef = 146562F3092C2C5579B4E68C /* OpenAIRealtimeTranscriber.swift */; };
		357C097A630C05D50077BE8B /* TranscriptionProviderStore.swift in Sources */ = {isa = PBXBuildFile; fileRef = 7B3FE1F916017519575049B3 /* TranscriptionProviderStore.swift */; };
		3C26D369AFEB44306C389A12 /* StreamingAudioCapture.swift in Sources */ = {isa = PBXBuildFile; fileRef = E0B0D37D69CE8B9BE6D36D8C /* StreamingAudioCapture.swift */; };
		41BFF3458041CF89BF51EC2E /* AudioRecorder.swift in Sources */ = {isa = PBXBuildFile; fileRef = 037EC58D9A17FE68E6493AED /* AudioRecorder.swift */; };
		57102622D3CE1B0C5E90FDA9 /* ClipboardPasteInjector.swift in Sources */ = {isa = PBXBuildFile; fileRef = C59E51A6CEE6706077735A6B /* ClipboardPasteInjector.swift */; };
		6E95D7208A244D0BC2D7B188 /* AppleSpeechTranscriber.swift in Sources */ = {isa = PBXBuildFile; fileRef = EEEEDE8D1FF2D76DC0095B97 /* AppleSpeechTranscriber.swift */; };
		71CF548B550202212782B0D7 /* FloatingPanelController.swift in Sources */ = {isa = PBXBuildFile; fileRef = D8BD35E568FE4FC08BF1FB25 /* FloatingPanelController.swift */; };
		7F53C851DB98DE68333BF928 /* FlotisApp.swift in Sources */ = {isa = PBXBuildFile; fileRef = F201255CBA9778664C71C9E5 /* FlotisApp.swift */; };
		9956F2073C00DD6D05816073 /* HotkeyManager.swift in Sources */ = {isa = PBXBuildFile; fileRef = EE19A11654280B40753B3CAF /* HotkeyManager.swift */; };
		9B26D8F9B91863D11D5359CE /* TranscriptionProviderConfig.swift in Sources */ = {isa = PBXBuildFile; fileRef = 0D35C8553893E49C234B5792 /* TranscriptionProviderConfig.swift */; };
		A0F7DA3F0359948F9DFBFF9C /* VoiceSettingsView.swift in Sources */ = {isa = PBXBuildFile; fileRef = 8BCA4B00B2CF3C1D2B4381D3 /* VoiceSettingsView.swift */; };
		A1F2D6BF7605AAB7F2795951 /* SpeechTranscribing.swift in Sources */ = {isa = PBXBuildFile; fileRef = 24832C5E01A2C89D1E7D3774 /* SpeechTranscribing.swift */; };
		A399A6F32AFD9A81B7A4A9D5 /* AccessibilityPermission.swift in Sources */ = {isa = PBXBuildFile; fileRef = 499CF9F16A907FAE75F19E1C /* AccessibilityPermission.swift */; };
		AAF87F5BDC2460FAEE7544B3 /* UIStrings.swift in Sources */ = {isa = PBXBuildFile; fileRef = ECBECDF0BB1DC73D4DECCEE8 /* UIStrings.swift */; };
		BD56965A1FE89DA01033D99A /* VoiceInputController.swift in Sources */ = {isa = PBXBuildFile; fileRef = 2E40AAD19A7897ADA46C3240 /* VoiceInputController.swift */; };
		C53EF9FF56A7D0ACF1C5B77F /* OpenAICompatibleTranscriber.swift in Sources */ = {isa = PBXBuildFile; fileRef = BEED66002D473AE8E2E5C3DE /* OpenAICompatibleTranscriber.swift */; };
		C6695403E095E7021BD562BC /* VoiceInputMode.swift in Sources */ = {isa = PBXBuildFile; fileRef = CCD86A6A17F5F79A238D0DB9 /* VoiceInputMode.swift */; };
		CAE8A34BD7852F009E363ADB /* PromptCommand.swift in Sources */ = {isa = PBXBuildFile; fileRef = A472152491645DCEBDA1AB09 /* PromptCommand.swift */; };
		E9B0AE6AD1D9A252786FE201 /* KeychainSecretStore.swift in Sources */ = {isa = PBXBuildFile; fileRef = 255F095ECE7A04CDBD7FD48A /* KeychainSecretStore.swift */; };
		EA7B3223509177B2DE9641D2 /* FloatingPanelView.swift in Sources */ = {isa = PBXBuildFile; fileRef = 47B5F2BA49CBF9EF7159EF17 /* FloatingPanelView.swift */; };
/* End PBXBuildFile section */

/* Begin PBXFileReference section */
		037EC58D9A17FE68E6493AED /* AudioRecorder.swift */ = {isa = PBXFileReference; lastKnownFileType = sourcecode.swift; path = AudioRecorder.swift; sourceTree = "<group>"; };
		0D35C8553893E49C234B5792 /* TranscriptionProviderConfig.swift */ = {isa = PBXFileReference; lastKnownFileType = sourcecode.swift; path = TranscriptionProviderConfig.swift; sourceTree = "<group>"; };
		146562F3092C2C5579B4E68C /* OpenAIRealtimeTranscriber.swift */ = {isa = PBXFileReference; lastKnownFileType = sourcecode.swift; path = OpenAIRealtimeTranscriber.swift; sourceTree = "<group>"; };
		24832C5E01A2C89D1E7D3774 /* SpeechTranscribing.swift */ = {isa = PBXFileReference; lastKnownFileType = sourcecode.swift; path = SpeechTranscribing.swift; sourceTree = "<group>"; };
		255F095ECE7A04CDBD7FD48A /* KeychainSecretStore.swift */ = {isa = PBXFileReference; lastKnownFileType = sourcecode.swift; path = KeychainSecretStore.swift; sourceTree = "<group>"; };
		2E40AAD19A7897ADA46C3240 /* VoiceInputController.swift */ = {isa = PBXFileReference; lastKnownFileType = sourcecode.swift; path = VoiceInputController.swift; sourceTree = "<group>"; };
		47B5F2BA49CBF9EF7159EF17 /* FloatingPanelView.swift */ = {isa = PBXFileReference; lastKnownFileType = sourcecode.swift; path = FloatingPanelView.swift; sourceTree = "<group>"; };
		499CF9F16A907FAE75F19E1C /* AccessibilityPermission.swift */ = {isa = PBXFileReference; lastKnownFileType = sourcecode.swift; path = AccessibilityPermission.swift; sourceTree = "<group>"; };
		4B00ACC85DA2A64512248CF5 /* AppState.swift */ = {isa = PBXFileReference; lastKnownFileType = sourcecode.swift; path = AppState.swift; sourceTree = "<group>"; };
		5DC2C707A76B11BD3BB34777 /* Flotis.app */ = {isa = PBXFileReference; explicitFileType = wrapper.application; includeInIndex = 0; path = Flotis.app; sourceTree = BUILT_PRODUCTS_DIR; };
		7B3FE1F916017519575049B3 /* TranscriptionProviderStore.swift */ = {isa = PBXFileReference; lastKnownFileType = sourcecode.swift; path = TranscriptionProviderStore.swift; sourceTree = "<group>"; };
		8BCA4B00B2CF3C1D2B4381D3 /* VoiceSettingsView.swift */ = {isa = PBXFileReference; lastKnownFileType = sourcecode.swift; path = VoiceSettingsView.swift; sourceTree = "<group>"; };
		A472152491645DCEBDA1AB09 /* PromptCommand.swift */ = {isa = PBXFileReference; lastKnownFileType = sourcecode.swift; path = PromptCommand.swift; sourceTree = "<group>"; };
		AC40FD954EBB9D2B3FA9E5F9 /* CommandStore.swift */ = {isa = PBXFileReference; lastKnownFileType = sourcecode.swift; path = CommandStore.swift; sourceTree = "<group>"; };
		BEED66002D473AE8E2E5C3DE /* OpenAICompatibleTranscriber.swift */ = {isa = PBXFileReference; lastKnownFileType = sourcecode.swift; path = OpenAICompatibleTranscriber.swift; sourceTree = "<group>"; };
		C59E51A6CEE6706077735A6B /* ClipboardPasteInjector.swift */ = {isa = PBXFileReference; lastKnownFileType = sourcecode.swift; path = ClipboardPasteInjector.swift; sourceTree = "<group>"; };
		CCD86A6A17F5F79A238D0DB9 /* VoiceInputMode.swift */ = {isa = PBXFileReference; lastKnownFileType = sourcecode.swift; path = VoiceInputMode.swift; sourceTree = "<group>"; };
		D8BD35E568FE4FC08BF1FB25 /* FloatingPanelController.swift */ = {isa = PBXFileReference; lastKnownFileType = sourcecode.swift; path = FloatingPanelController.swift; sourceTree = "<group>"; };
		E0B0D37D69CE8B9BE6D36D8C /* StreamingAudioCapture.swift */ = {isa = PBXFileReference; lastKnownFileType = sourcecode.swift; path = StreamingAudioCapture.swift; sourceTree = "<group>"; };
		ECBECDF0BB1DC73D4DECCEE8 /* UIStrings.swift */ = {isa = PBXFileReference; lastKnownFileType = sourcecode.swift; path = UIStrings.swift; sourceTree = "<group>"; };
		EE19A11654280B40753B3CAF /* HotkeyManager.swift */ = {isa = PBXFileReference; lastKnownFileType = sourcecode.swift; path = HotkeyManager.swift; sourceTree = "<group>"; };
		EEEEDE8D1FF2D76DC0095B97 /* AppleSpeechTranscriber.swift */ = {isa = PBXFileReference; lastKnownFileType = sourcecode.swift; path = AppleSpeechTranscriber.swift; sourceTree = "<group>"; };
		F201255CBA9778664C71C9E5 /* FlotisApp.swift */ = {isa = PBXFileReference; lastKnownFileType = sourcecode.swift; path = FlotisApp.swift; sourceTree = "<group>"; };
/* End PBXFileReference section */

/* Begin PBXGroup section */
		13E03BC68A407453AE5CF9BC /* Flotis */ = {
			isa = PBXGroup;
			children = (
				499CF9F16A907FAE75F19E1C /* AccessibilityPermission.swift */,
				EEEEDE8D1FF2D76DC0095B97 /* AppleSpeechTranscriber.swift */,
				4B00ACC85DA2A64512248CF5 /* AppState.swift */,
				037EC58D9A17FE68E6493AED /* AudioRecorder.swift */,
				C59E51A6CEE6706077735A6B /* ClipboardPasteInjector.swift */,
				AC40FD954EBB9D2B3FA9E5F9 /* CommandStore.swift */,
				D8BD35E568FE4FC08BF1FB25 /* FloatingPanelController.swift */,
				47B5F2BA49CBF9EF7159EF17 /* FloatingPanelView.swift */,
				F201255CBA9778664C71C9E5 /* FlotisApp.swift */,
				EE19A11654280B40753B3CAF /* HotkeyManager.swift */,
				255F095ECE7A04CDBD7FD48A /* KeychainSecretStore.swift */,
				BEED66002D473AE8E2E5C3DE /* OpenAICompatibleTranscriber.swift */,
				146562F3092C2C5579B4E68C /* OpenAIRealtimeTranscriber.swift */,
				A472152491645DCEBDA1AB09 /* PromptCommand.swift */,
				24832C5E01A2C89D1E7D3774 /* SpeechTranscribing.swift */,
				E0B0D37D69CE8B9BE6D36D8C /* StreamingAudioCapture.swift */,
				0D35C8553893E49C234B5792 /* TranscriptionProviderConfig.swift */,
				7B3FE1F916017519575049B3 /* TranscriptionProviderStore.swift */,
				ECBECDF0BB1DC73D4DECCEE8 /* UIStrings.swift */,
				2E40AAD19A7897ADA46C3240 /* VoiceInputController.swift */,
				CCD86A6A17F5F79A238D0DB9 /* VoiceInputMode.swift */,
				8BCA4B00B2CF3C1D2B4381D3 /* VoiceSettingsView.swift */,
			);
			path = Flotis;
			sourceTree = "<group>";
		};
		59B2F92ED2F7CD75CAEBF255 = {
			isa = PBXGroup;
			children = (
				13E03BC68A407453AE5CF9BC /* Flotis */,
				7E8D76E271EA37BBC7C00ADA /* Products */,
			);
			sourceTree = "<group>";
		};
		7E8D76E271EA37BBC7C00ADA /* Products */ = {
			isa = PBXGroup;
			children = (
				5DC2C707A76B11BD3BB34777 /* Flotis.app */,
			);
			name = Products;
			sourceTree = "<group>";
		};
/* End PBXGroup section */

/* Begin PBXNativeTarget section */
		2A1D85F8326000DDD8182BE8 /* Flotis */ = {
			isa = PBXNativeTarget;
			buildConfigurationList = 5B9057AE0C10ADD7CC79FC2F /* Build configuration list for PBXNativeTarget "Flotis" */;
			buildPhases = (
				54FE4089B11F2F1F1052B52C /* Sources */,
			);
			buildRules = (
			);
			dependencies = (
			);
			name = Flotis;
			packageProductDependencies = (
			);
			productName = Flotis;
			productReference = 5DC2C707A76B11BD3BB34777 /* Flotis.app */;
			productType = "com.apple.product-type.application";
		};
/* End PBXNativeTarget section */

/* Begin PBXProject section */
		83488F134ED77F057D989533 /* Project object */ = {
			isa = PBXProject;
			attributes = {
				BuildIndependentTargetsInParallel = YES;
				LastUpgradeCheck = 1430;
				TargetAttributes = {
				};
			};
			buildConfigurationList = 53591AA56A7E32312DABDF56 /* Build configuration list for PBXProject "Flotis" */;
			developmentRegion = en;
			hasScannedForEncodings = 0;
			knownRegions = (
				Base,
				en,
			);
			mainGroup = 59B2F92ED2F7CD75CAEBF255;
			minimizedProjectReferenceProxies = 1;
			preferredProjectObjectVersion = 77;
			productRefGroup = 7E8D76E271EA37BBC7C00ADA /* Products */;
			projectDirPath = "";
			projectRoot = "";
			targets = (
				2A1D85F8326000DDD8182BE8 /* Flotis */,
			);
		};
/* End PBXProject section */

/* Begin PBXSourcesBuildPhase section */
		54FE4089B11F2F1F1052B52C /* Sources */ = {
			isa = PBXSourcesBuildPhase;
			buildActionMask = 2147483647;
			files = (
				A399A6F32AFD9A81B7A4A9D5 /* AccessibilityPermission.swift in Sources */,
				031318A4ACAF1F9D78816887 /* AppState.swift in Sources */,
				6E95D7208A244D0BC2D7B188 /* AppleSpeechTranscriber.swift in Sources */,
				41BFF3458041CF89BF51EC2E /* AudioRecorder.swift in Sources */,
				57102622D3CE1B0C5E90FDA9 /* ClipboardPasteInjector.swift in Sources */,
				1349C582187301D655A8523B /* CommandStore.swift in Sources */,
				71CF548B550202212782B0D7 /* FloatingPanelController.swift in Sources */,
				EA7B3223509177B2DE9641D2 /* FloatingPanelView.swift in Sources */,
				7F53C851DB98DE68333BF928 /* FlotisApp.swift in Sources */,
				9956F2073C00DD6D05816073 /* HotkeyManager.swift in Sources */,
				E9B0AE6AD1D9A252786FE201 /* KeychainSecretStore.swift in Sources */,
				C53EF9FF56A7D0ACF1C5B77F /* OpenAICompatibleTranscriber.swift in Sources */,
				34DA15F252607D001CB2ABFF /* OpenAIRealtimeTranscriber.swift in Sources */,
				CAE8A34BD7852F009E363ADB /* PromptCommand.swift in Sources */,
				A1F2D6BF7605AAB7F2795951 /* SpeechTranscribing.swift in Sources */,
				3C26D369AFEB44306C389A12 /* StreamingAudioCapture.swift in Sources */,
				9B26D8F9B91863D11D5359CE /* TranscriptionProviderConfig.swift in Sources */,
				357C097A630C05D50077BE8B /* TranscriptionProviderStore.swift in Sources */,
				AAF87F5BDC2460FAEE7544B3 /* UIStrings.swift in Sources */,
				BD56965A1FE89DA01033D99A /* VoiceInputController.swift in Sources */,
				C6695403E095E7021BD562BC /* VoiceInputMode.swift in Sources */,
				A0F7DA3F0359948F9DFBFF9C /* VoiceSettingsView.swift in Sources */,
			);
			runOnlyForDeploymentPostprocessing = 0;
		};
/* End PBXSourcesBuildPhase section */

/* Begin XCBuildConfiguration section */
		7727C98586C2B4F39A161CBA /* Debug */ = {
			isa = XCBuildConfiguration;
			buildSettings = {
				ASSETCATALOG_COMPILER_APPICON_NAME = AppIcon;
				COMBINE_HIDPI_IMAGES = YES;
				GENERATE_INFOPLIST_FILE = YES;
				INFOPLIST_KEY_LSUIElement = YES;
				INFOPLIST_KEY_NSMicrophoneUsageDescription = "Flotis 需要使用麦克风进行语音输入。";
				INFOPLIST_KEY_NSSpeechRecognitionUsageDescription = "Flotis 需要使用语音识别将你的讲话转换成文本。";
				LD_RUNPATH_SEARCH_PATHS = (
					"$(inherited)",
					"@executable_path/../Frameworks",
				);
				MACOSX_DEPLOYMENT_TARGET = 13.0;
				PRODUCT_BUNDLE_IDENTIFIER = com.flotis.Flotis;
				SDKROOT = macosx;
				SWIFT_VERSION = 5.0;
			};
			name = Debug;
		};
		94F6B32BD4A07687A441BE81 /* Debug */ = {
			isa = XCBuildConfiguration;
			buildSettings = {
				ALWAYS_SEARCH_USER_PATHS = NO;
				CLANG_ANALYZER_NONNULL = YES;
				CLANG_ANALYZER_NUMBER_OBJECT_CONVERSION = YES_AGGRESSIVE;
				CLANG_CXX_LANGUAGE_STANDARD = "gnu++14";
				CLANG_CXX_LIBRARY = "libc++";
				CLANG_ENABLE_MODULES = YES;
				CLANG_ENABLE_OBJC_ARC = YES;
				CLANG_ENABLE_OBJC_WEAK = YES;
				CLANG_WARN_BLOCK_CAPTURE_AUTORELEASING = YES;
				CLANG_WARN_BOOL_CONVERSION = YES;
				CLANG_WARN_COMMA = YES;
				CLANG_WARN_CONSTANT_CONVERSION = YES;
				CLANG_WARN_DEPRECATED_OBJC_IMPLEMENTATIONS = YES;
				CLANG_WARN_DIRECT_OBJC_ISA_USAGE = YES_ERROR;
				CLANG_WARN_DOCUMENTATION_COMMENTS = YES;
				CLANG_WARN_EMPTY_BODY = YES;
				CLANG_WARN_ENUM_CONVERSION = YES;
				CLANG_WARN_INFINITE_RECURSION = YES;
				CLANG_WARN_INT_CONVERSION = YES;
				CLANG_WARN_NON_LITERAL_NULL_CONVERSION = YES;
				CLANG_WARN_OBJC_IMPLICIT_RETAIN_SELF = YES;
				CLANG_WARN_OBJC_LITERAL_CONVERSION = YES;
				CLANG_WARN_OBJC_ROOT_CLASS = YES_ERROR;
				CLANG_WARN_QUOTED_INCLUDE_IN_FRAMEWORK_HEADER = YES;
				CLANG_WARN_RANGE_LOOP_ANALYSIS = YES;
				CLANG_WARN_STRICT_PROTOTYPES = YES;
				CLANG_WARN_SUSPICIOUS_MOVE = YES;
				CLANG_WARN_UNGUARDED_AVAILABILITY = YES_AGGRESSIVE;
				CLANG_WARN_UNREACHABLE_CODE = YES;
				CLANG_WARN__DUPLICATE_METHOD_MATCH = YES;
				COPY_PHASE_STRIP = NO;
				DEBUG_INFORMATION_FORMAT = dwarf;
				ENABLE_STRICT_OBJC_MSGSEND = YES;
				ENABLE_TESTABILITY = YES;
				GCC_C_LANGUAGE_STANDARD = gnu11;
				GCC_DYNAMIC_NO_PIC = NO;
				GCC_NO_COMMON_BLOCKS = YES;
				GCC_OPTIMIZATION_LEVEL = 0;
				GCC_PREPROCESSOR_DEFINITIONS = (
					"$(inherited)",
					"DEBUG=1",
				);
				GCC_WARN_64_TO_32_BIT_CONVERSION = YES;
				GCC_WARN_ABOUT_RETURN_TYPE = YES_ERROR;
				GCC_WARN_UNDECLARED_SELECTOR = YES;
				GCC_WARN_UNINITIALIZED_AUTOS = YES_AGGRESSIVE;
				GCC_WARN_UNUSED_FUNCTION = YES;
				GCC_WARN_UNUSED_VARIABLE = YES;
				MTL_ENABLE_DEBUG_INFO = INCLUDE_SOURCE;
				MTL_FAST_MATH = YES;
				ONLY_ACTIVE_ARCH = YES;
				PRODUCT_NAME = "$(TARGET_NAME)";
				SDKROOT = macosx;
				SWIFT_ACTIVE_COMPILATION_CONDITIONS = DEBUG;
				SWIFT_OPTIMIZATION_LEVEL = "-Onone";
				SWIFT_VERSION = 5.0;
			};
			name = Debug;
		};
		E44AEA44A83597282E70A5C5 /* Release */ = {
			isa = XCBuildConfiguration;
			buildSettings = {
				ASSETCATALOG_COMPILER_APPICON_NAME = AppIcon;
				COMBINE_HIDPI_IMAGES = YES;
				GENERATE_INFOPLIST_FILE = YES;
				INFOPLIST_KEY_LSUIElement = YES;
				INFOPLIST_KEY_NSMicrophoneUsageDescription = "Flotis 需要使用麦克风进行语音输入。";
				INFOPLIST_KEY_NSSpeechRecognitionUsageDescription = "Flotis 需要使用语音识别将你的讲话转换成文本。";
				LD_RUNPATH_SEARCH_PATHS = (
					"$(inherited)",
					"@executable_path/../Frameworks",
				);
				MACOSX_DEPLOYMENT_TARGET = 13.0;
				PRODUCT_BUNDLE_IDENTIFIER = com.flotis.Flotis;
				SDKROOT = macosx;
				SWIFT_VERSION = 5.0;
			};
			name = Release;
		};
		F7BBBB35AA7F0A2D5F69F202 /* Release */ = {
			isa = XCBuildConfiguration;
			buildSettings = {
				ALWAYS_SEARCH_USER_PATHS = NO;
				CLANG_ANALYZER_NONNULL = YES;
				CLANG_ANALYZER_NUMBER_OBJECT_CONVERSION = YES_AGGRESSIVE;
				CLANG_CXX_LANGUAGE_STANDARD = "gnu++14";
				CLANG_CXX_LIBRARY = "libc++";
				CLANG_ENABLE_MODULES = YES;
				CLANG_ENABLE_OBJC_ARC = YES;
				CLANG_ENABLE_OBJC_WEAK = YES;
				CLANG_WARN_BLOCK_CAPTURE_AUTORELEASING = YES;
				CLANG_WARN_BOOL_CONVERSION = YES;
				CLANG_WARN_COMMA = YES;
				CLANG_WARN_CONSTANT_CONVERSION = YES;
				CLANG_WARN_DEPRECATED_OBJC_IMPLEMENTATIONS = YES;
				CLANG_WARN_DIRECT_OBJC_ISA_USAGE = YES_ERROR;
				CLANG_WARN_DOCUMENTATION_COMMENTS = YES;
				CLANG_WARN_EMPTY_BODY = YES;
				CLANG_WARN_ENUM_CONVERSION = YES;
				CLANG_WARN_INFINITE_RECURSION = YES;
				CLANG_WARN_INT_CONVERSION = YES;
				CLANG_WARN_NON_LITERAL_NULL_CONVERSION = YES;
				CLANG_WARN_OBJC_IMPLICIT_RETAIN_SELF = YES;
				CLANG_WARN_OBJC_LITERAL_CONVERSION = YES;
				CLANG_WARN_OBJC_ROOT_CLASS = YES_ERROR;
				CLANG_WARN_QUOTED_INCLUDE_IN_FRAMEWORK_HEADER = YES;
				CLANG_WARN_RANGE_LOOP_ANALYSIS = YES;
				CLANG_WARN_STRICT_PROTOTYPES = YES;
				CLANG_WARN_SUSPICIOUS_MOVE = YES;
				CLANG_WARN_UNGUARDED_AVAILABILITY = YES_AGGRESSIVE;
				CLANG_WARN_UNREACHABLE_CODE = YES;
				CLANG_WARN__DUPLICATE_METHOD_MATCH = YES;
				COPY_PHASE_STRIP = NO;
				DEBUG_INFORMATION_FORMAT = "dwarf-with-dsym";
				ENABLE_NS_ASSERTIONS = NO;
				ENABLE_STRICT_OBJC_MSGSEND = YES;
				GCC_C_LANGUAGE_STANDARD = gnu11;
				GCC_NO_COMMON_BLOCKS = YES;
				GCC_WARN_64_TO_32_BIT_CONVERSION = YES;
				GCC_WARN_ABOUT_RETURN_TYPE = YES_ERROR;
				GCC_WARN_UNDECLARED_SELECTOR = YES;
				GCC_WARN_UNINITIALIZED_AUTOS = YES_AGGRESSIVE;
				GCC_WARN_UNUSED_FUNCTION = YES;
				GCC_WARN_UNUSED_VARIABLE = YES;
				MTL_ENABLE_DEBUG_INFO = NO;
				MTL_FAST_MATH = YES;
				PRODUCT_NAME = "$(TARGET_NAME)";
				SDKROOT = macosx;
				SWIFT_COMPILATION_MODE = wholemodule;
				SWIFT_OPTIMIZATION_LEVEL = "-O";
				SWIFT_VERSION = 5.0;
			};
			name = Release;
		};
/* End XCBuildConfiguration section */

/* Begin XCConfigurationList section */
		53591AA56A7E32312DABDF56 /* Build configuration list for PBXProject "Flotis" */ = {
			isa = XCConfigurationList;
			buildConfigurations = (
				94F6B32BD4A07687A441BE81 /* Debug */,
				F7BBBB35AA7F0A2D5F69F202 /* Release */,
			);
			defaultConfigurationIsVisible = 0;
			defaultConfigurationName = Debug;
		};
		5B9057AE0C10ADD7CC79FC2F /* Build configuration list for PBXNativeTarget "Flotis" */ = {
			isa = XCConfigurationList;
			buildConfigurations = (
				7727C98586C2B4F39A161CBA /* Debug */,
				E44AEA44A83597282E70A5C5 /* Release */,
			);
			defaultConfigurationIsVisible = 0;
			defaultConfigurationName = Debug;
		};
/* End XCConfigurationList section */
	};
	rootObject = 83488F134ED77F057D989533 /* Project object */;
}
