// !$*UTF8*$!
{
	archiveVersion = 1;
	classes = {
	};
	objectVersion = 77;
	objects = {

/* Begin PBXBuildFile section */
		0850AA90C1F8263C3F91C472 /* FloatingPanelView.swift in Sources */ = {isa = PBXBuildFile; fileRef = 4870673D17AED2AEEA2C8888 /* FloatingPanelView.swift */; };
		0C2DABC27130BEFF74EC2C14 /* TranscriptionProviderConfig.swift in Sources */ = {isa = PBXBuildFile; fileRef = BF2258DDE97281959D47AFA0 /* TranscriptionProviderConfig.swift */; };
		12D8B87F7ACDED25FFA8208C /* HotkeyManager.swift in Sources */ = {isa = PBXBuildFile; fileRef = E8CB7BB7F80F65F2C451C570 /* HotkeyManager.swift */; };
		1FCC2B05574D24B5EF9624A5 /* VoiceSettingsView.swift in Sources */ = {isa = PBXBuildFile; fileRef = 1E191E5960904FE3E47E368B /* VoiceSettingsView.swift */; };
		3CC69B258CCE415AB8D742A5 /* AudioRecorder.swift in Sources */ = {isa = PBXBuildFile; fileRef = 2B664305F0CD080359F4805C /* AudioRecorder.swift */; };
		476C3DF5140B5808998A94F7 /* StreamingAudioCapture.swift in Sources */ = {isa = PBXBuildFile; fileRef = BF2F10711A00FA93521D92D1 /* StreamingAudioCapture.swift */; };
		4A16429EBD257E78D640CA53 /* KeychainSecretStore.swift in Sources */ = {isa = PBXBuildFile; fileRef = FDC913FD7D554D2CE1907DE1 /* KeychainSecretStore.swift */; };
		57AB57D982A94CD3435A0B24 /* FloatingPanelController.swift in Sources */ = {isa = PBXBuildFile; fileRef = 1BBF7A2EA671843393D7EC84 /* FloatingPanelController.swift */; };
		5903B47B6E7EA4C4CFC905E7 /* AccessibilityPermission.swift in Sources */ = {isa = PBXBuildFile; fileRef = AA1FAF23099B773370D196C7 /* AccessibilityPermission.swift */; };
		6ADFB5F5BE4ECD1DDF56424C /* AppleSpeechTranscriber.swift in Sources */ = {isa = PBXBuildFile; fileRef = 3C0DE932E98EE5E21BEC2266 /* AppleSpeechTranscriber.swift */; };
		6BB5C4DC8280498389A538A6 /* ClipboardPasteInjector.swift in Sources */ = {isa = PBXBuildFile; fileRef = B469AE165B6A3D1E473465BF /* ClipboardPasteInjector.swift */; };
		71D483F9575A992D46AA337B /* SpeechTranscribing.swift in Sources */ = {isa = PBXBuildFile; fileRef = A3D8566F46FA3DA6BFA20070 /* SpeechTranscribing.swift */; };
		7E53DA5A841B526F8C26FA33 /* VoiceInputController.swift in Sources */ = {isa = PBXBuildFile; fileRef = 971E03CD8D3F6FDE2A253006 /* VoiceInputController.swift */; };
		8027E75F1F7F896D45A6303A /* OpenAIRealtimeTranscriber.swift in Sources */ = {isa = PBXBuildFile; fileRef = 60DC9D8D296CBFC6E42B2BBD /* OpenAIRealtimeTranscriber.swift */; };
		908B06542C699CCF600A9A15 /* FlotisApp.swift in Sources */ = {isa = PBXBuildFile; fileRef = A6B6CA344D7973B66338D7B8 /* FlotisApp.swift */; };
		92A2EC65360DE79F0B75F334 /* VoiceInputMode.swift in Sources */ = {isa = PBXBuildFile; fileRef = 9CB09830441419AD70C4D275 /* VoiceInputMode.swift */; };
		9785713B2A2E925285362578 /* OpenAICompatibleTranscriber.swift in Sources */ = {isa = PBXBuildFile; fileRef = E9E75C1AFF5BC9CD9E59004D /* OpenAICompatibleTranscriber.swift */; };
		AB1A4C45D0FDF934E5454F0A /* TranscriptionProviderStore.swift in Sources */ = {isa = PBXBuildFile; fileRef = D1EDBDA061681E8E23B5828C /* TranscriptionProviderStore.swift */; };
		B1249DC6C5CCA64E9F455EB2 /* PromptCommand.swift in Sources */ = {isa = PBXBuildFile; fileRef = 337239F7248B3215B400149F /* PromptCommand.swift */; };
		D67AB5E81EF3127FFCE12412 /* AppState.swift in Sources */ = {isa = PBXBuildFile; fileRef = B4EA57CC02DBDDF39517D35E /* AppState.swift */; };
		F24F1E3405E2B9B322A3DE3F /* CommandStore.swift in Sources */ = {isa = PBXBuildFile; fileRef = A786D9C1F54E699CAEE3681D /* CommandStore.swift */; };
/* End PBXBuildFile section */

/* Begin PBXFileReference section */
		1BBF7A2EA671843393D7EC84 /* FloatingPanelController.swift */ = {isa = PBXFileReference; lastKnownFileType = sourcecode.swift; path = FloatingPanelController.swift; sourceTree = "<group>"; };
		1E191E5960904FE3E47E368B /* VoiceSettingsView.swift */ = {isa = PBXFileReference; lastKnownFileType = sourcecode.swift; path = VoiceSettingsView.swift; sourceTree = "<group>"; };
		2B664305F0CD080359F4805C /* AudioRecorder.swift */ = {isa = PBXFileReference; lastKnownFileType = sourcecode.swift; path = AudioRecorder.swift; sourceTree = "<group>"; };
		337239F7248B3215B400149F /* PromptCommand.swift */ = {isa = PBXFileReference; lastKnownFileType = sourcecode.swift; path = PromptCommand.swift; sourceTree = "<group>"; };
		3C0DE932E98EE5E21BEC2266 /* AppleSpeechTranscriber.swift */ = {isa = PBXFileReference; lastKnownFileType = sourcecode.swift; path = AppleSpeechTranscriber.swift; sourceTree = "<group>"; };
		4870673D17AED2AEEA2C8888 /* FloatingPanelView.swift */ = {isa = PBXFileReference; lastKnownFileType = sourcecode.swift; path = FloatingPanelView.swift; sourceTree = "<group>"; };
		5DC2C707A76B11BD3BB34777 /* Flotis.app */ = {isa = PBXFileReference; explicitFileType = wrapper.application; includeInIndex = 0; path = Flotis.app; sourceTree = BUILT_PRODUCTS_DIR; };
		60DC9D8D296CBFC6E42B2BBD /* OpenAIRealtimeTranscriber.swift */ = {isa = PBXFileReference; lastKnownFileType = sourcecode.swift; path = OpenAIRealtimeTranscriber.swift; sourceTree = "<group>"; };
		971E03CD8D3F6FDE2A253006 /* VoiceInputController.swift */ = {isa = PBXFileReference; lastKnownFileType = sourcecode.swift; path = VoiceInputController.swift; sourceTree = "<group>"; };
		9CB09830441419AD70C4D275 /* VoiceInputMode.swift */ = {isa = PBXFileReference; lastKnownFileType = sourcecode.swift; path = VoiceInputMode.swift; sourceTree = "<group>"; };
		A3D8566F46FA3DA6BFA20070 /* SpeechTranscribing.swift */ = {isa = PBXFileReference; lastKnownFileType = sourcecode.swift; path = SpeechTranscribing.swift; sourceTree = "<group>"; };
		A6B6CA344D7973B66338D7B8 /* FlotisApp.swift */ = {isa = PBXFileReference; lastKnownFileType = sourcecode.swift; path = FlotisApp.swift; sourceTree = "<group>"; };
		A786D9C1F54E699CAEE3681D /* CommandStore.swift */ = {isa = PBXFileReference; lastKnownFileType = sourcecode.swift; path = CommandStore.swift; sourceTree = "<group>"; };
		AA1FAF23099B773370D196C7 /* AccessibilityPermission.swift */ = {isa = PBXFileReference; lastKnownFileType = sourcecode.swift; path = AccessibilityPermission.swift; sourceTree = "<group>"; };
		B469AE165B6A3D1E473465BF /* ClipboardPasteInjector.swift */ = {isa = PBXFileReference; lastKnownFileType = sourcecode.swift; path = ClipboardPasteInjector.swift; sourceTree = "<group>"; };
		B4EA57CC02DBDDF39517D35E /* AppState.swift */ = {isa = PBXFileReference; lastKnownFileType = sourcecode.swift; path = AppState.swift; sourceTree = "<group>"; };
		BF2258DDE97281959D47AFA0 /* TranscriptionProviderConfig.swift */ = {isa = PBXFileReference; lastKnownFileType = sourcecode.swift; path = TranscriptionProviderConfig.swift; sourceTree = "<group>"; };
		BF2F10711A00FA93521D92D1 /* StreamingAudioCapture.swift */ = {isa = PBXFileReference; lastKnownFileType = sourcecode.swift; path = StreamingAudioCapture.swift; sourceTree = "<group>"; };
		D1EDBDA061681E8E23B5828C /* TranscriptionProviderStore.swift */ = {isa = PBXFileReference; lastKnownFileType = sourcecode.swift; path = TranscriptionProviderStore.swift; sourceTree = "<group>"; };
		E8CB7BB7F80F65F2C451C570 /* HotkeyManager.swift */ = {isa = PBXFileReference; lastKnownFileType = sourcecode.swift; path = HotkeyManager.swift; sourceTree = "<group>"; };
		E9E75C1AFF5BC9CD9E59004D /* OpenAICompatibleTranscriber.swift */ = {isa = PBXFileReference; lastKnownFileType = sourcecode.swift; path = OpenAICompatibleTranscriber.swift; sourceTree = "<group>"; };
		FDC913FD7D554D2CE1907DE1 /* KeychainSecretStore.swift */ = {isa = PBXFileReference; lastKnownFileType = sourcecode.swift; path = KeychainSecretStore.swift; sourceTree = "<group>"; };
/* End PBXFileReference section */

/* Begin PBXGroup section */
		59B2F92ED2F7CD75CAEBF255 = {
			isa = PBXGroup;
			children = (
				8E3F04F273DECB05E913007C /* Sources */,
				7E8D76E271EA37BBC7C00ADA /* Products */,
			);
			sourceTree = "<group>";
		};
		7E8D76E271EA37BBC7C00ADA /* Products */ = {
			isa = PBXGroup;
			children = (
				5DC2C707A76B11BD3BB34777 /* Flotis.app */,
			);
			name = Products;
			sourceTree = "<group>";
		};
		8E3F04F273DECB05E913007C /* Sources */ = {
			isa = PBXGroup;
			children = (
				AA1FAF23099B773370D196C7 /* AccessibilityPermission.swift */,
				3C0DE932E98EE5E21BEC2266 /* AppleSpeechTranscriber.swift */,
				B4EA57CC02DBDDF39517D35E /* AppState.swift */,
				2B664305F0CD080359F4805C /* AudioRecorder.swift */,
				B469AE165B6A3D1E473465BF /* ClipboardPasteInjector.swift */,
				A786D9C1F54E699CAEE3681D /* CommandStore.swift */,
				1BBF7A2EA671843393D7EC84 /* FloatingPanelController.swift */,
				4870673D17AED2AEEA2C8888 /* FloatingPanelView.swift */,
				A6B6CA344D7973B66338D7B8 /* FlotisApp.swift */,
				E8CB7BB7F80F65F2C451C570 /* HotkeyManager.swift */,
				FDC913FD7D554D2CE1907DE1 /* KeychainSecretStore.swift */,
				E9E75C1AFF5BC9CD9E59004D /* OpenAICompatibleTranscriber.swift */,
				60DC9D8D296CBFC6E42B2BBD /* OpenAIRealtimeTranscriber.swift */,
				337239F7248B3215B400149F /* PromptCommand.swift */,
				A3D8566F46FA3DA6BFA20070 /* SpeechTranscribing.swift */,
				BF2F10711A00FA93521D92D1 /* StreamingAudioCapture.swift */,
				BF2258DDE97281959D47AFA0 /* TranscriptionProviderConfig.swift */,
				D1EDBDA061681E8E23B5828C /* TranscriptionProviderStore.swift */,
				971E03CD8D3F6FDE2A253006 /* VoiceInputController.swift */,
				9CB09830441419AD70C4D275 /* VoiceInputMode.swift */,
				1E191E5960904FE3E47E368B /* VoiceSettingsView.swift */,
			);
			path = Sources;
			sourceTree = "<group>";
		};
/* End PBXGroup section */

/* Begin PBXNativeTarget section */
		2A1D85F8326000DDD8182BE8 /* Flotis */ = {
			isa = PBXNativeTarget;
			buildConfigurationList = 5B9057AE0C10ADD7CC79FC2F /* Build configuration list for PBXNativeTarget "Flotis" */;
			buildPhases = (
				54FE4089B11F2F1F1052B52C /* Sources */,
			);
			buildRules = (
			);
			dependencies = (
			);
			name = Flotis;
			packageProductDependencies = (
			);
			productName = Flotis;
			productReference = 5DC2C707A76B11BD3BB34777 /* Flotis.app */;
			productType = "com.apple.product-type.application";
		};
/* End PBXNativeTarget section */

/* Begin PBXProject section */
		83488F134ED77F057D989533 /* Project object */ = {
			isa = PBXProject;
			attributes = {
				BuildIndependentTargetsInParallel = YES;
				LastUpgradeCheck = 1430;
				TargetAttributes = {
				};
			};
			buildConfigurationList = 53591AA56A7E32312DABDF56 /* Build configuration list for PBXProject "Flotis" */;
			developmentRegion = en;
			hasScannedForEncodings = 0;
			knownRegions = (
				Base,
				en,
			);
			mainGroup = 59B2F92ED2F7CD75CAEBF255;
			minimizedProjectReferenceProxies = 1;
			preferredProjectObjectVersion = 77;
			productRefGroup = 7E8D76E271EA37BBC7C00ADA /* Products */;
			projectDirPath = "";
			projectRoot = "";
			targets = (
				2A1D85F8326000DDD8182BE8 /* Flotis */,
			);
		};
/* End PBXProject section */

/* Begin PBXSourcesBuildPhase section */
		54FE4089B11F2F1F1052B52C /* Sources */ = {
			isa = PBXSourcesBuildPhase;
			buildActionMask = 2147483647;
			files = (
				5903B47B6E7EA4C4CFC905E7 /* AccessibilityPermission.swift in Sources */,
				D67AB5E81EF3127FFCE12412 /* AppState.swift in Sources */,
				6ADFB5F5BE4ECD1DDF56424C /* AppleSpeechTranscriber.swift in Sources */,
				3CC69B258CCE415AB8D742A5 /* AudioRecorder.swift in Sources */,
				6BB5C4DC8280498389A538A6 /* ClipboardPasteInjector.swift in Sources */,
				F24F1E3405E2B9B322A3DE3F /* CommandStore.swift in Sources */,
				57AB57D982A94CD3435A0B24 /* FloatingPanelController.swift in Sources */,
				0850AA90C1F8263C3F91C472 /* FloatingPanelView.swift in Sources */,
				908B06542C699CCF600A9A15 /* FlotisApp.swift in Sources */,
				12D8B87F7ACDED25FFA8208C /* HotkeyManager.swift in Sources */,
				4A16429EBD257E78D640CA53 /* KeychainSecretStore.swift in Sources */,
				9785713B2A2E925285362578 /* OpenAICompatibleTranscriber.swift in Sources */,
				8027E75F1F7F896D45A6303A /* OpenAIRealtimeTranscriber.swift in Sources */,
				B1249DC6C5CCA64E9F455EB2 /* PromptCommand.swift in Sources */,
				71D483F9575A992D46AA337B /* SpeechTranscribing.swift in Sources */,
				476C3DF5140B5808998A94F7 /* StreamingAudioCapture.swift in Sources */,
				0C2DABC27130BEFF74EC2C14 /* TranscriptionProviderConfig.swift in Sources */,
				AB1A4C45D0FDF934E5454F0A /* TranscriptionProviderStore.swift in Sources */,
				7E53DA5A841B526F8C26FA33 /* VoiceInputController.swift in Sources */,
				92A2EC65360DE79F0B75F334 /* VoiceInputMode.swift in Sources */,
				1FCC2B05574D24B5EF9624A5 /* VoiceSettingsView.swift in Sources */,
			);
			runOnlyForDeploymentPostprocessing = 0;
		};
/* End PBXSourcesBuildPhase section */

/* Begin XCBuildConfiguration section */
		7727C98586C2B4F39A161CBA /* Debug */ = {
			isa = XCBuildConfiguration;
			buildSettings = {
				ASSETCATALOG_COMPILER_APPICON_NAME = AppIcon;
				COMBINE_HIDPI_IMAGES = YES;
				GENERATE_INFOPLIST_FILE = YES;
				INFOPLIST_KEY_LSUIElement = YES;
				INFOPLIST_KEY_NSMicrophoneUsageDescription = "Flotis 需要使用麦克风进行语音输入。";
				INFOPLIST_KEY_NSSpeechRecognitionUsageDescription = "Flotis 需要使用语音识别将你的讲话转换成文本。";
				LD_RUNPATH_SEARCH_PATHS = (
					"$(inherited)",
					"@executable_path/../Frameworks",
				);
				MACOSX_DEPLOYMENT_TARGET = 13.0;
				PRODUCT_BUNDLE_IDENTIFIER = com.flotis.Flotis;
				SDKROOT = macosx;
				SWIFT_VERSION = 5.0;
			};
			name = Debug;
		};
		94F6B32BD4A07687A441BE81 /* Debug */ = {
			isa = XCBuildConfiguration;
			buildSettings = {
				ALWAYS_SEARCH_USER_PATHS = NO;
				CLANG_ANALYZER_NONNULL = YES;
				CLANG_ANALYZER_NUMBER_OBJECT_CONVERSION = YES_AGGRESSIVE;
				CLANG_CXX_LANGUAGE_STANDARD = "gnu++14";
				CLANG_CXX_LIBRARY = "libc++";
				CLANG_ENABLE_MODULES = YES;
				CLANG_ENABLE_OBJC_ARC = YES;
				CLANG_ENABLE_OBJC_WEAK = YES;
				CLANG_WARN_BLOCK_CAPTURE_AUTORELEASING = YES;
				CLANG_WARN_BOOL_CONVERSION = YES;
				CLANG_WARN_COMMA = YES;
				CLANG_WARN_CONSTANT_CONVERSION = YES;
				CLANG_WARN_DEPRECATED_OBJC_IMPLEMENTATIONS = YES;
				CLANG_WARN_DIRECT_OBJC_ISA_USAGE = YES_ERROR;
				CLANG_WARN_DOCUMENTATION_COMMENTS = YES;
				CLANG_WARN_EMPTY_BODY = YES;
				CLANG_WARN_ENUM_CONVERSION = YES;
				CLANG_WARN_INFINITE_RECURSION = YES;
				CLANG_WARN_INT_CONVERSION = YES;
				CLANG_WARN_NON_LITERAL_NULL_CONVERSION = YES;
				CLANG_WARN_OBJC_IMPLICIT_RETAIN_SELF = YES;
				CLANG_WARN_OBJC_LITERAL_CONVERSION = YES;
				CLANG_WARN_OBJC_ROOT_CLASS = YES_ERROR;
				CLANG_WARN_QUOTED_INCLUDE_IN_FRAMEWORK_HEADER = YES;
				CLANG_WARN_RANGE_LOOP_ANALYSIS = YES;
				CLANG_WARN_STRICT_PROTOTYPES = YES;
				CLANG_WARN_SUSPICIOUS_MOVE = YES;
				CLANG_WARN_UNGUARDED_AVAILABILITY = YES_AGGRESSIVE;
				CLANG_WARN_UNREACHABLE_CODE = YES;
				CLANG_WARN__DUPLICATE_METHOD_MATCH = YES;
				COPY_PHASE_STRIP = NO;
				DEBUG_INFORMATION_FORMAT = dwarf;
				ENABLE_STRICT_OBJC_MSGSEND = YES;
				ENABLE_TESTABILITY = YES;
				GCC_C_LANGUAGE_STANDARD = gnu11;
				GCC_DYNAMIC_NO_PIC = NO;
				GCC_NO_COMMON_BLOCKS = YES;
				GCC_OPTIMIZATION_LEVEL = 0;
				GCC_PREPROCESSOR_DEFINITIONS = (
					"$(inherited)",
					"DEBUG=1",
				);
				GCC_WARN_64_TO_32_BIT_CONVERSION = YES;
				GCC_WARN_ABOUT_RETURN_TYPE = YES_ERROR;
				GCC_WARN_UNDECLARED_SELECTOR = YES;
				GCC_WARN_UNINITIALIZED_AUTOS = YES_AGGRESSIVE;
				GCC_WARN_UNUSED_FUNCTION = YES;
				GCC_WARN_UNUSED_VARIABLE = YES;
				MTL_ENABLE_DEBUG_INFO = INCLUDE_SOURCE;
				MTL_FAST_MATH = YES;
				ONLY_ACTIVE_ARCH = YES;
				PRODUCT_NAME = "$(TARGET_NAME)";
				SDKROOT = macosx;
				SWIFT_ACTIVE_COMPILATION_CONDITIONS = DEBUG;
				SWIFT_OPTIMIZATION_LEVEL = "-Onone";
				SWIFT_VERSION = 5.0;
			};
			name = Debug;
		};
		E44AEA44A83597282E70A5C5 /* Release */ = {
			isa = XCBuildConfiguration;
			buildSettings = {
				ASSETCATALOG_COMPILER_APPICON_NAME = AppIcon;
				COMBINE_HIDPI_IMAGES = YES;
				GENERATE_INFOPLIST_FILE = YES;
				INFOPLIST_KEY_LSUIElement = YES;
				INFOPLIST_KEY_NSMicrophoneUsageDescription = "Flotis 需要使用麦克风进行语音输入。";
				INFOPLIST_KEY_NSSpeechRecognitionUsageDescription = "Flotis 需要使用语音识别将你的讲话转换成文本。";
				LD_RUNPATH_SEARCH_PATHS = (
					"$(inherited)",
					"@executable_path/../Frameworks",
				);
				MACOSX_DEPLOYMENT_TARGET = 13.0;
				PRODUCT_BUNDLE_IDENTIFIER = com.flotis.Flotis;
				SDKROOT = macosx;
				SWIFT_VERSION = 5.0;
			};
			name = Release;
		};
		F7BBBB35AA7F0A2D5F69F202 /* Release */ = {
			isa = XCBuildConfiguration;
			buildSettings = {
				ALWAYS_SEARCH_USER_PATHS = NO;
				CLANG_ANALYZER_NONNULL = YES;
				CLANG_ANALYZER_NUMBER_OBJECT_CONVERSION = YES_AGGRESSIVE;
				CLANG_CXX_LANGUAGE_STANDARD = "gnu++14";
				CLANG_CXX_LIBRARY = "libc++";
				CLANG_ENABLE_MODULES = YES;
				CLANG_ENABLE_OBJC_ARC = YES;
				CLANG_ENABLE_OBJC_WEAK = YES;
				CLANG_WARN_BLOCK_CAPTURE_AUTORELEASING = YES;
				CLANG_WARN_BOOL_CONVERSION = YES;
				CLANG_WARN_COMMA = YES;
				CLANG_WARN_CONSTANT_CONVERSION = YES;
				CLANG_WARN_DEPRECATED_OBJC_IMPLEMENTATIONS = YES;
				CLANG_WARN_DIRECT_OBJC_ISA_USAGE = YES_ERROR;
				CLANG_WARN_DOCUMENTATION_COMMENTS = YES;
				CLANG_WARN_EMPTY_BODY = YES;
				CLANG_WARN_ENUM_CONVERSION = YES;
				CLANG_WARN_INFINITE_RECURSION = YES;
				CLANG_WARN_INT_CONVERSION = YES;
				CLANG_WARN_NON_LITERAL_NULL_CONVERSION = YES;
				CLANG_WARN_OBJC_IMPLICIT_RETAIN_SELF = YES;
				CLANG_WARN_OBJC_LITERAL_CONVERSION = YES;
				CLANG_WARN_OBJC_ROOT_CLASS = YES_ERROR;
				CLANG_WARN_QUOTED_INCLUDE_IN_FRAMEWORK_HEADER = YES;
				CLANG_WARN_RANGE_LOOP_ANALYSIS = YES;
				CLANG_WARN_STRICT_PROTOTYPES = YES;
				CLANG_WARN_SUSPICIOUS_MOVE = YES;
				CLANG_WARN_UNGUARDED_AVAILABILITY = YES_AGGRESSIVE;
				CLANG_WARN_UNREACHABLE_CODE = YES;
				CLANG_WARN__DUPLICATE_METHOD_MATCH = YES;
				COPY_PHASE_STRIP = NO;
				DEBUG_INFORMATION_FORMAT = "dwarf-with-dsym";
				ENABLE_NS_ASSERTIONS = NO;
				ENABLE_STRICT_OBJC_MSGSEND = YES;
				GCC_C_LANGUAGE_STANDARD = gnu11;
				GCC_NO_COMMON_BLOCKS = YES;
				GCC_WARN_64_TO_32_BIT_CONVERSION = YES;
				GCC_WARN_ABOUT_RETURN_TYPE = YES_ERROR;
				GCC_WARN_UNDECLARED_SELECTOR = YES;
				GCC_WARN_UNINITIALIZED_AUTOS = YES_AGGRESSIVE;
				GCC_WARN_UNUSED_FUNCTION = YES;
				GCC_WARN_UNUSED_VARIABLE = YES;
				MTL_ENABLE_DEBUG_INFO = NO;
				MTL_FAST_MATH = YES;
				PRODUCT_NAME = "$(TARGET_NAME)";
				SDKROOT = macosx;
				SWIFT_COMPILATION_MODE = wholemodule;
				SWIFT_OPTIMIZATION_LEVEL = "-O";
				SWIFT_VERSION = 5.0;
			};
			name = Release;
		};
/* End XCBuildConfiguration section */

/* Begin XCConfigurationList section */
		53591AA56A7E32312DABDF56 /* Build configuration list for PBXProject "Flotis" */ = {
			isa = XCConfigurationList;
			buildConfigurations = (
				94F6B32BD4A07687A441BE81 /* Debug */,
				F7BBBB35AA7F0A2D5F69F202 /* Release */,
			);
			defaultConfigurationIsVisible = 0;
			defaultConfigurationName = Debug;
		};
		5B9057AE0C10ADD7CC79FC2F /* Build configuration list for PBXNativeTarget "Flotis" */ = {
			isa = XCConfigurationList;
			buildConfigurations = (
				7727C98586C2B4F39A161CBA /* Debug */,
				E44AEA44A83597282E70A5C5 /* Release */,
			);
			defaultConfigurationIsVisible = 0;
			defaultConfigurationName = Debug;
		};
/* End XCConfigurationList section */
	};
	rootObject = 83488F134ED77F057D989533 /* Project object */;
}
